
Microsoft Visual Studio Solution File, Format Version 12.00
# Visual Studio Version 17
VisualStudioVersion = 17.0.31912.275
MinimumVisualStudioVersion = 10.0.40219.1
Project("{FAE04EC0-301F-11D3-BF4B-00C04F79EFBC}") = "WebApii 2", "WebApii 2\WebApii 2.csproj", "{C43B579C-4FFD-4DDD-BD06-5F1C1D29EDD8}"
EndProject
Global
	GlobalSection(SolutionConfigurationPlatforms) = preSolution
		Debug|Any CPU = Debug|Any CPU
		Release|Any CPU = Release|Any CPU
	EndGlobalSection
	GlobalSection(ProjectConfigurationPlatforms) = postSolution
		{C43B579C-4FFD-4DDD-BD06-5F1C1D29EDD8}.Debug|Any CPU.ActiveCfg = Debug|Any CPU
		{C43B579C-4FFD-4DDD-BD06-5F1C1D29EDD8}.Debug|Any CPU.Build.0 = Debug|Any CPU
		{C43B579C-4FFD-4DDD-BD06-5F1C1D29EDD8}.Release|Any CPU.ActiveCfg = Release|Any CPU
		{C43B579C-4FFD-4DDD-BD06-5F1C1D29EDD8}.Release|Any CPU.Build.0 = Release|Any CPU
	EndGlobalSection
	GlobalSection(SolutionProperties) = preSolution
		HideSolutionNode = FALSE
	EndGlobalSection
	GlobalSection(ExtensibilityGlobals) = postSolution
		SolutionGuid = {527C8C37-3CAA-4CA0-9803-D8E6C954877D}
	EndGlobalSection
EndGlobal
